
Microsoft Visual Studio Solution File, Format Version 12.00
# Visual Studio 15
VisualStudioVersion = 15.0.28307.1062
MinimumVisualStudioVersion = 10.0.40219.1
Project("{8BC9CEB8-8B4A-11D0-8D11-00A0C91BC942}") = "BigHW", "BigHW\BigHW.vcxproj", "{876DF299-EE24-4825-90E1-FDD6CDA9EBCC}"
EndProject
Global
	GlobalSection(SolutionConfigurationPlatforms) = preSolution
		Debug|x64 = Debug|x64
		Debug|x86 = Debug|x86
		Release|x64 = Release|x64
		Release|x86 = Release|x86
	EndGlobalSection
	GlobalSection(ProjectConfigurationPlatforms) = postSolution
		{876DF299-EE24-4825-90E1-FDD6CDA9EBCC}.Debug|x64.ActiveCfg = Debug|x64
		{876DF299-EE24-4825-90E1-FDD6CDA9EBCC}.Debug|x64.Build.0 = Debug|x64
		{876DF299-EE24-4825-90E1-FDD6CDA9EBCC}.Debug|x86.ActiveCfg = Debug|Win32
		{876DF299-EE24-4825-90E1-FDD6CDA9EBCC}.Debug|x86.Build.0 = Debug|Win32
		{876DF299-EE24-4825-90E1-FDD6CDA9EBCC}.Release|x64.ActiveCfg = Release|x64
		{876DF299-EE24-4825-90E1-FDD6CDA9EBCC}.Release|x64.Build.0 = Release|x64
		{876DF299-EE24-4825-90E1-FDD6CDA9EBCC}.Release|x86.ActiveCfg = Release|Win32
		{876DF299-EE24-4825-90E1-FDD6CDA9EBCC}.Release|x86.Build.0 = Release|Win32
	EndGlobalSection
	GlobalSection(SolutionProperties) = preSolution
		HideSolutionNode = FALSE
	EndGlobalSection
	GlobalSection(ExtensibilityGlobals) = postSolution
		SolutionGuid = {76E10A28-775D-42C4-86E3-8C0CD349DF34}
	EndGlobalSection
EndGlobal
